
Microsoft Visual Studio Solution File, Format Version 12.00
# Visual Studio Version 17
VisualStudioVersion = 17.5.33530.505
MinimumVisualStudioVersion = 10.0.40219.1
Project("{FAE04EC0-301F-11D3-BF4B-00C04F79EFBC}") = "GitTest", "GitTest\GitTest.csproj", "{E53DDBAB-ECBC-4B04-A4AA-EE4B8CE4E702}"
EndProject
Global
	GlobalSection(SolutionConfigurationPlatforms) = preSolution
		Debug|Any CPU = Debug|Any CPU
		Release|Any CPU = Release|Any CPU
	EndGlobalSection
	GlobalSection(ProjectConfigurationPlatforms) = postSolution
		{E53DDBAB-ECBC-4B04-A4AA-EE4B8CE4E702}.Debug|Any CPU.ActiveCfg = Debug|Any CPU
		{E53DDBAB-ECBC-4B04-A4AA-EE4B8CE4E702}.Debug|Any CPU.Build.0 = Debug|Any CPU
		{E53DDBAB-ECBC-4B04-A4AA-EE4B8CE4E702}.Release|Any CPU.ActiveCfg = Release|Any CPU
		{E53DDBAB-ECBC-4B04-A4AA-EE4B8CE4E702}.Release|Any CPU.Build.0 = Release|Any CPU
	EndGlobalSection
	GlobalSection(SolutionProperties) = preSolution
		HideSolutionNode = FALSE
	EndGlobalSection
	GlobalSection(ExtensibilityGlobals) = postSolution
		SolutionGuid = {A1D49A84-D830-4FCA-8528-5D1BD6A3BDCC}
	EndGlobalSection
EndGlobal
